
Microsoft Visual Studio Solution File, Format Version 12.00
# Visual Studio Version 17
VisualStudioVersion = 17.10.35004.147
MinimumVisualStudioVersion = 10.0.40219.1
Project("{FAE04EC0-301F-11D3-BF4B-00C04F79EFBC}") = "MindBox", "MindBox\MindBox.csproj", "{9DEE7CF7-958C-462C-BCD4-045446C79ACD}"
EndProject
Project("{FAE04EC0-301F-11D3-BF4B-00C04F79EFBC}") = "MindBox.Tests", "MindBox.Tests\MindBox.Tests.csproj", "{779EB77F-09AC-443B-866E-829FCE191872}"
EndProject
Global
	GlobalSection(SolutionConfigurationPlatforms) = preSolution
		Debug|Any CPU = Debug|Any CPU
		Release|Any CPU = Release|Any CPU
	EndGlobalSection
	GlobalSection(ProjectConfigurationPlatforms) = postSolution
		{9DEE7CF7-958C-462C-BCD4-045446C79ACD}.Debug|Any CPU.ActiveCfg = Debug|Any CPU
		{9DEE7CF7-958C-462C-BCD4-045446C79ACD}.Debug|Any CPU.Build.0 = Debug|Any CPU
		{9DEE7CF7-958C-462C-BCD4-045446C79ACD}.Release|Any CPU.ActiveCfg = Release|Any CPU
		{9DEE7CF7-958C-462C-BCD4-045446C79ACD}.Release|Any CPU.Build.0 = Release|Any CPU
		{779EB77F-09AC-443B-866E-829FCE191872}.Debug|Any CPU.ActiveCfg = Debug|Any CPU
		{779EB77F-09AC-443B-866E-829FCE191872}.Debug|Any CPU.Build.0 = Debug|Any CPU
		{779EB77F-09AC-443B-866E-829FCE191872}.Release|Any CPU.ActiveCfg = Release|Any CPU
		{779EB77F-09AC-443B-866E-829FCE191872}.Release|Any CPU.Build.0 = Release|Any CPU
	EndGlobalSection
	GlobalSection(SolutionProperties) = preSolution
		HideSolutionNode = FALSE
	EndGlobalSection
	GlobalSection(ExtensibilityGlobals) = postSolution
		SolutionGuid = {E276068C-240D-42B5-B56A-13A1C6F552DD}
	EndGlobalSection
EndGlobal
